// !$*UTF8*$!
{
	archiveVersion = 1;
	classes = {
	};
	objectVersion = 55;
	objects = {

/* Begin PBXBuildFile section */
		157DD15C28AE521E00E80721 /* Debug.metal in Sources */ = {isa = PBXBuildFile; fileRef = 157DD15B28AE521E00E80721 /* Debug.metal */; };
		157DD16228AE61E000E80721 /* Lighting.metal in Sources */ = {isa = PBXBuildFile; fileRef = 157DD16128AE61E000E80721 /* Lighting.metal */; };
		157DD16428AE64E500E80721 /* SceneLighting.swift in Sources */ = {isa = PBXBuildFile; fileRef = 157DD16328AE64E500E80721 /* SceneLighting.swift */; };
		157DD16828AE6D5700E80721 /* sphere.obj in Resources */ = {isa = PBXBuildFile; fileRef = 157DD16628AE6D5700E80721 /* sphere.obj */; };
		157DD16928AE6D5700E80721 /* sphere.mtl in Resources */ = {isa = PBXBuildFile; fileRef = 157DD16728AE6D5700E80721 /* sphere.mtl */; };
		15D3E75E28D6F96B006EC224 /* Number1Field.swift in Sources */ = {isa = PBXBuildFile; fileRef = 15D3E75D28D6F96B006EC224 /* Number1Field.swift */; };
		15FD5B1F28A7B70A001F3ADF /* MetalLearningApp.swift in Sources */ = {isa = PBXBuildFile; fileRef = 15FD5B1E28A7B70A001F3ADF /* MetalLearningApp.swift */; };
		15FD5B2128A7B70A001F3ADF /* ContentView.swift in Sources */ = {isa = PBXBuildFile; fileRef = 15FD5B2028A7B70A001F3ADF /* ContentView.swift */; };
		15FD5B2328A7B70A001F3ADF /* Assets.xcassets in Resources */ = {isa = PBXBuildFile; fileRef = 15FD5B2228A7B70A001F3ADF /* Assets.xcassets */; };
		15FD5B2628A7B70A001F3ADF /* Preview Assets.xcassets in Resources */ = {isa = PBXBuildFile; fileRef = 15FD5B2528A7B70A001F3ADF /* Preview Assets.xcassets */; };
		15FD5B2E28A7B767001F3ADF /* MetalView.swift in Sources */ = {isa = PBXBuildFile; fileRef = 15FD5B2D28A7B767001F3ADF /* MetalView.swift */; };
		15FD5B3228A7B7D1001F3ADF /* ViewRenderer.swift in Sources */ = {isa = PBXBuildFile; fileRef = 15FD5B3128A7B7D1001F3ADF /* ViewRenderer.swift */; };
		15FD5B3528A7B881001F3ADF /* Shaders.metal in Sources */ = {isa = PBXBuildFile; fileRef = 15FD5B3428A7B881001F3ADF /* Shaders.metal */; };
		15FD5B3828A7B9D7001F3ADF /* Inject in Frameworks */ = {isa = PBXBuildFile; productRef = 15FD5B3728A7B9D7001F3ADF /* Inject */; };
		15FD5B3A28A83235001F3ADF /* Renderer.swift in Sources */ = {isa = PBXBuildFile; fileRef = 15FD5B3928A83235001F3ADF /* Renderer.swift */; };
		15FD5B4028A8F218001F3ADF /* Formatter.swift in Sources */ = {isa = PBXBuildFile; fileRef = 15FD5B3D28A8F218001F3ADF /* Formatter.swift */; };
		15FD5B4C28A92ACF001F3ADF /* NumberField.swift in Sources */ = {isa = PBXBuildFile; fileRef = 15FD5B4B28A92ACF001F3ADF /* NumberField.swift */; };
		15FD5B5028A93698001F3ADF /* Number2Field.swift in Sources */ = {isa = PBXBuildFile; fileRef = 15FD5B4F28A93698001F3ADF /* Number2Field.swift */; };
		15FD5B5228A936B0001F3ADF /* Number3Field.swift in Sources */ = {isa = PBXBuildFile; fileRef = 15FD5B5128A936B0001F3ADF /* Number3Field.swift */; };
		15FD5B5428A936C0001F3ADF /* Number4Field.swift in Sources */ = {isa = PBXBuildFile; fileRef = 15FD5B5328A936C0001F3ADF /* Number4Field.swift */; };
		15FD5B5628A936D9001F3ADF /* Number3x3Field.swift in Sources */ = {isa = PBXBuildFile; fileRef = 15FD5B5528A936D9001F3ADF /* Number3x3Field.swift */; };
		15FD5B5828A936ED001F3ADF /* Number4x4Field.swift in Sources */ = {isa = PBXBuildFile; fileRef = 15FD5B5728A936ED001F3ADF /* Number4x4Field.swift */; };
		15FD5B5D28AAE519001F3ADF /* MathLibrary.swift in Sources */ = {isa = PBXBuildFile; fileRef = 15FD5B5C28AAE519001F3ADF /* MathLibrary.swift */; };
		15FD5B5F28AAE5EE001F3ADF /* VertexDescriptor.swift in Sources */ = {isa = PBXBuildFile; fileRef = 15FD5B5E28AAE5EE001F3ADF /* VertexDescriptor.swift */; };
		15FD5B6128AAE686001F3ADF /* Transform.swift in Sources */ = {isa = PBXBuildFile; fileRef = 15FD5B6028AAE686001F3ADF /* Transform.swift */; };
		15FD5B6328AAE75B001F3ADF /* Model.swift in Sources */ = {isa = PBXBuildFile; fileRef = 15FD5B6228AAE75B001F3ADF /* Model.swift */; };
		15FD5B6C28ABC502001F3ADF /* Demo1ViewRenderer.swift in Sources */ = {isa = PBXBuildFile; fileRef = 15FD5B6B28ABC502001F3ADF /* Demo1ViewRenderer.swift */; };
		15FD5B9428ABF147001F3ADF /* Demo1View.swift in Sources */ = {isa = PBXBuildFile; fileRef = 15FD5B9328ABF147001F3ADF /* Demo1View.swift */; };
		15FD5B9928AC1EB1001F3ADF /* Submesh.swift in Sources */ = {isa = PBXBuildFile; fileRef = 15FD5B9828AC1EB1001F3ADF /* Submesh.swift */; };
		15FD5B9B28AC2024001F3ADF /* TextureController.swift in Sources */ = {isa = PBXBuildFile; fileRef = 15FD5B9A28AC2024001F3ADF /* TextureController.swift */; };
		15FD5B9D28AC2074001F3ADF /* Mesh.swift in Sources */ = {isa = PBXBuildFile; fileRef = 15FD5B9C28AC2074001F3ADF /* Mesh.swift */; };
		15FD5BAA28AC2704001F3ADF /* barn-ground.png in Resources */ = {isa = PBXBuildFile; fileRef = 15FD5BA028AC2704001F3ADF /* barn-ground.png */; };
		15FD5BAB28AC2704001F3ADF /* lowpoly-barn-color.png in Resources */ = {isa = PBXBuildFile; fileRef = 15FD5BA128AC2704001F3ADF /* lowpoly-barn-color.png */; };
		15FD5BAC28AC2704001F3ADF /* plane.obj in Resources */ = {isa = PBXBuildFile; fileRef = 15FD5BA328AC2704001F3ADF /* plane.obj */; };
		15FD5BAD28AC2704001F3ADF /* plane.mtl in Resources */ = {isa = PBXBuildFile; fileRef = 15FD5BA428AC2704001F3ADF /* plane.mtl */; };
		15FD5BAE28AC2704001F3ADF /* ground.png in Resources */ = {isa = PBXBuildFile; fileRef = 15FD5BA528AC2704001F3ADF /* ground.png */; };
		15FD5BAF28AC2704001F3ADF /* lowpoly-house-color.png in Resources */ = {isa = PBXBuildFile; fileRef = 15FD5BA728AC2704001F3ADF /* lowpoly-house-color.png */; };
		15FD5BB028AC2704001F3ADF /* lowpoly-house.obj in Resources */ = {isa = PBXBuildFile; fileRef = 15FD5BA828AC2704001F3ADF /* lowpoly-house.obj */; };
		15FD5BB128AC2704001F3ADF /* lowpoly-house.mtl in Resources */ = {isa = PBXBuildFile; fileRef = 15FD5BA928AC2704001F3ADF /* lowpoly-house.mtl */; };
		15FD5BB328AC28A1001F3ADF /* Textures.xcassets in Resources */ = {isa = PBXBuildFile; fileRef = 15FD5BB228AC28A1001F3ADF /* Textures.xcassets */; };
		15FD5BB528ACF53E001F3ADF /* Camera.swift in Sources */ = {isa = PBXBuildFile; fileRef = 15FD5BB428ACF53E001F3ADF /* Camera.swift */; };
		15FD5BB728ACFABB001F3ADF /* InputController.swift in Sources */ = {isa = PBXBuildFile; fileRef = 15FD5BB628ACFABB001F3ADF /* InputController.swift */; };
		15FD5BB928ACFDBA001F3ADF /* Movement.swift in Sources */ = {isa = PBXBuildFile; fileRef = 15FD5BB828ACFDBA001F3ADF /* Movement.swift */; };
/* End PBXBuildFile section */

/* Begin PBXFileReference section */
		157DD15B28AE521E00E80721 /* Debug.metal */ = {isa = PBXFileReference; fileEncoding = 4; lastKnownFileType = sourcecode.metal; path = Debug.metal; sourceTree = "<group>"; };
		157DD16028AE61CB00E80721 /* Lighting.h */ = {isa = PBXFileReference; lastKnownFileType = sourcecode.c.h; path = Lighting.h; sourceTree = "<group>"; };
		157DD16128AE61E000E80721 /* Lighting.metal */ = {isa = PBXFileReference; fileEncoding = 4; lastKnownFileType = sourcecode.metal; path = Lighting.metal; sourceTree = "<group>"; };
		157DD16328AE64E500E80721 /* SceneLighting.swift */ = {isa = PBXFileReference; fileEncoding = 4; lastKnownFileType = sourcecode.swift; path = SceneLighting.swift; sourceTree = "<group>"; };
		157DD16628AE6D5700E80721 /* sphere.obj */ = {isa = PBXFileReference; fileEncoding = 4; lastKnownFileType = text; path = sphere.obj; sourceTree = "<group>"; };
		157DD16728AE6D5700E80721 /* sphere.mtl */ = {isa = PBXFileReference; fileEncoding = 4; lastKnownFileType = text; path = sphere.mtl; sourceTree = "<group>"; };
		15D3E75D28D6F96B006EC224 /* Number1Field.swift */ = {isa = PBXFileReference; lastKnownFileType = sourcecode.swift; path = Number1Field.swift; sourceTree = "<group>"; };
		15FD5B1B28A7B70A001F3ADF /* MetalLearning.app */ = {isa = PBXFileReference; explicitFileType = wrapper.application; includeInIndex = 0; path = MetalLearning.app; sourceTree = BUILT_PRODUCTS_DIR; };
		15FD5B1E28A7B70A001F3ADF /* MetalLearningApp.swift */ = {isa = PBXFileReference; lastKnownFileType = sourcecode.swift; path = MetalLearningApp.swift; sourceTree = "<group>"; };
		15FD5B2028A7B70A001F3ADF /* ContentView.swift */ = {isa = PBXFileReference; lastKnownFileType = sourcecode.swift; path = ContentView.swift; sourceTree = "<group>"; };
		15FD5B2228A7B70A001F3ADF /* Assets.xcassets */ = {isa = PBXFileReference; lastKnownFileType = folder.assetcatalog; path = Assets.xcassets; sourceTree = "<group>"; };
		15FD5B2528A7B70A001F3ADF /* Preview Assets.xcassets */ = {isa = PBXFileReference; lastKnownFileType = folder.assetcatalog; path = "Preview Assets.xcassets"; sourceTree = "<group>"; };
		15FD5B2728A7B70A001F3ADF /* MetalLearning.entitlements */ = {isa = PBXFileReference; lastKnownFileType = text.plist.entitlements; path = MetalLearning.entitlements; sourceTree = "<group>"; };
		15FD5B2D28A7B767001F3ADF /* MetalView.swift */ = {isa = PBXFileReference; lastKnownFileType = sourcecode.swift; path = MetalView.swift; sourceTree = "<group>"; };
		15FD5B3128A7B7D1001F3ADF /* ViewRenderer.swift */ = {isa = PBXFileReference; lastKnownFileType = sourcecode.swift; path = ViewRenderer.swift; sourceTree = "<group>"; };
		15FD5B3428A7B881001F3ADF /* Shaders.metal */ = {isa = PBXFileReference; lastKnownFileType = sourcecode.metal; path = Shaders.metal; sourceTree = "<group>"; };
		15FD5B3928A83235001F3ADF /* Renderer.swift */ = {isa = PBXFileReference; lastKnownFileType = sourcecode.swift; path = Renderer.swift; sourceTree = "<group>"; };
		15FD5B3D28A8F218001F3ADF /* Formatter.swift */ = {isa = PBXFileReference; fileEncoding = 4; lastKnownFileType = sourcecode.swift; path = Formatter.swift; sourceTree = "<group>"; };
		15FD5B4B28A92ACF001F3ADF /* NumberField.swift */ = {isa = PBXFileReference; lastKnownFileType = sourcecode.swift; path = NumberField.swift; sourceTree = "<group>"; };
		15FD5B4F28A93698001F3ADF /* Number2Field.swift */ = {isa = PBXFileReference; lastKnownFileType = sourcecode.swift; path = Number2Field.swift; sourceTree = "<group>"; };
		15FD5B5128A936B0001F3ADF /* Number3Field.swift */ = {isa = PBXFileReference; lastKnownFileType = sourcecode.swift; path = Number3Field.swift; sourceTree = "<group>"; };
		15FD5B5328A936C0001F3ADF /* Number4Field.swift */ = {isa = PBXFileReference; lastKnownFileType = sourcecode.swift; path = Number4Field.swift; sourceTree = "<group>"; };
		15FD5B5528A936D9001F3ADF /* Number3x3Field.swift */ = {isa = PBXFileReference; lastKnownFileType = sourcecode.swift; path = Number3x3Field.swift; sourceTree = "<group>"; };
		15FD5B5728A936ED001F3ADF /* Number4x4Field.swift */ = {isa = PBXFileReference; lastKnownFileType = sourcecode.swift; path = Number4x4Field.swift; sourceTree = "<group>"; };
		15FD5B5928AAE07E001F3ADF /* Common.h */ = {isa = PBXFileReference; lastKnownFileType = sourcecode.c.h; path = Common.h; sourceTree = "<group>"; };
		15FD5B5C28AAE519001F3ADF /* MathLibrary.swift */ = {isa = PBXFileReference; fileEncoding = 4; lastKnownFileType = sourcecode.swift; path = MathLibrary.swift; sourceTree = "<group>"; };
		15FD5B5E28AAE5EE001F3ADF /* VertexDescriptor.swift */ = {isa = PBXFileReference; lastKnownFileType = sourcecode.swift; path = VertexDescriptor.swift; sourceTree = "<group>"; };
		15FD5B6028AAE686001F3ADF /* Transform.swift */ = {isa = PBXFileReference; lastKnownFileType = sourcecode.swift; path = Transform.swift; sourceTree = "<group>"; };
		15FD5B6228AAE75B001F3ADF /* Model.swift */ = {isa = PBXFileReference; lastKnownFileType = sourcecode.swift; path = Model.swift; sourceTree = "<group>"; };
		15FD5B6B28ABC502001F3ADF /* Demo1ViewRenderer.swift */ = {isa = PBXFileReference; lastKnownFileType = sourcecode.swift; path = Demo1ViewRenderer.swift; sourceTree = "<group>"; };
		15FD5B9328ABF147001F3ADF /* Demo1View.swift */ = {isa = PBXFileReference; lastKnownFileType = sourcecode.swift; path = Demo1View.swift; sourceTree = "<group>"; };
		15FD5B9828AC1EB1001F3ADF /* Submesh.swift */ = {isa = PBXFileReference; lastKnownFileType = sourcecode.swift; path = Submesh.swift; sourceTree = "<group>"; };
		15FD5B9A28AC2024001F3ADF /* TextureController.swift */ = {isa = PBXFileReference; lastKnownFileType = sourcecode.swift; path = TextureController.swift; sourceTree = "<group>"; };
		15FD5B9C28AC2074001F3ADF /* Mesh.swift */ = {isa = PBXFileReference; lastKnownFileType = sourcecode.swift; path = Mesh.swift; sourceTree = "<group>"; };
		15FD5BA028AC2704001F3ADF /* barn-ground.png */ = {isa = PBXFileReference; lastKnownFileType = image.png; path = "barn-ground.png"; sourceTree = "<group>"; };
		15FD5BA128AC2704001F3ADF /* lowpoly-barn-color.png */ = {isa = PBXFileReference; lastKnownFileType = image.png; path = "lowpoly-barn-color.png"; sourceTree = "<group>"; };
		15FD5BA328AC2704001F3ADF /* plane.obj */ = {isa = PBXFileReference; fileEncoding = 4; lastKnownFileType = text; path = plane.obj; sourceTree = "<group>"; };
		15FD5BA428AC2704001F3ADF /* plane.mtl */ = {isa = PBXFileReference; fileEncoding = 4; lastKnownFileType = text; path = plane.mtl; sourceTree = "<group>"; };
		15FD5BA528AC2704001F3ADF /* ground.png */ = {isa = PBXFileReference; lastKnownFileType = image.png; path = ground.png; sourceTree = "<group>"; };
		15FD5BA728AC2704001F3ADF /* lowpoly-house-color.png */ = {isa = PBXFileReference; lastKnownFileType = image.png; path = "lowpoly-house-color.png"; sourceTree = "<group>"; };
		15FD5BA828AC2704001F3ADF /* lowpoly-house.obj */ = {isa = PBXFileReference; fileEncoding = 4; lastKnownFileType = text; path = "lowpoly-house.obj"; sourceTree = "<group>"; };
		15FD5BA928AC2704001F3ADF /* lowpoly-house.mtl */ = {isa = PBXFileReference; fileEncoding = 4; lastKnownFileType = text; path = "lowpoly-house.mtl"; sourceTree = "<group>"; };
		15FD5BB228AC28A1001F3ADF /* Textures.xcassets */ = {isa = PBXFileReference; lastKnownFileType = folder.assetcatalog; path = Textures.xcassets; sourceTree = "<group>"; };
		15FD5BB428ACF53E001F3ADF /* Camera.swift */ = {isa = PBXFileReference; lastKnownFileType = sourcecode.swift; path = Camera.swift; sourceTree = "<group>"; };
		15FD5BB628ACFABB001F3ADF /* InputController.swift */ = {isa = PBXFileReference; lastKnownFileType = sourcecode.swift; path = InputController.swift; sourceTree = "<group>"; };
		15FD5BB828ACFDBA001F3ADF /* Movement.swift */ = {isa = PBXFileReference; lastKnownFileType = sourcecode.swift; path = Movement.swift; sourceTree = "<group>"; };
/* End PBXFileReference section */

/* Begin PBXFrameworksBuildPhase section */
		15FD5B1828A7B70A001F3ADF /* Frameworks */ = {
			isa = PBXFrameworksBuildPhase;
			buildActionMask = 2147483647;
			files = (
				15FD5B3828A7B9D7001F3ADF /* Inject in Frameworks */,
			);
			runOnlyForDeploymentPostprocessing = 0;
		};
/* End PBXFrameworksBuildPhase section */

/* Begin PBXGroup section */
		157DD15D28AE544500E80721 /* Geometry */ = {
			isa = PBXGroup;
			children = (
				15FD5B5E28AAE5EE001F3ADF /* VertexDescriptor.swift */,
				15FD5B6028AAE686001F3ADF /* Transform.swift */,
				15FD5B6228AAE75B001F3ADF /* Model.swift */,
				15FD5B9828AC1EB1001F3ADF /* Submesh.swift */,
				15FD5B9C28AC2074001F3ADF /* Mesh.swift */,
			);
			path = Geometry;
			sourceTree = "<group>";
		};
		157DD15E28AE548800E80721 /* Textures */ = {
			isa = PBXGroup;
			children = (
				15FD5B9A28AC2024001F3ADF /* TextureController.swift */,
				15FD5BB228AC28A1001F3ADF /* Textures.xcassets */,
			);
			path = Textures;
			sourceTree = "<group>";
		};
		157DD15F28AE54B800E80721 /* Input */ = {
			isa = PBXGroup;
			children = (
				15FD5BB628ACFABB001F3ADF /* InputController.swift */,
				15FD5BB828ACFDBA001F3ADF /* Movement.swift */,
			);
			path = Input;
			sourceTree = "<group>";
		};
		157DD16528AE6D5700E80721 /* Sphere */ = {
			isa = PBXGroup;
			children = (
				157DD16628AE6D5700E80721 /* sphere.obj */,
				157DD16728AE6D5700E80721 /* sphere.mtl */,
			);
			path = Sphere;
			sourceTree = "<group>";
		};
		15FD5B1228A7B70A001F3ADF = {
			isa = PBXGroup;
			children = (
				15FD5B1D28A7B70A001F3ADF /* MetalLearning */,
				15FD5B1C28A7B70A001F3ADF /* Products */,
			);
			sourceTree = "<group>";
		};
		15FD5B1C28A7B70A001F3ADF /* Products */ = {
			isa = PBXGroup;
			children = (
				15FD5B1B28A7B70A001F3ADF /* MetalLearning.app */,
			);
			name = Products;
			sourceTree = "<group>";
		};
		15FD5B1D28A7B70A001F3ADF /* MetalLearning */ = {
			isa = PBXGroup;
			children = (
				157DD15D28AE544500E80721 /* Geometry */,
				15FD5B3028A7B7B3001F3ADF /* Graphics */,
				15FD5B1E28A7B70A001F3ADF /* MetalLearningApp.swift */,
				15FD5B5B28AAE519001F3ADF /* Utility */,
				15FD5B2228A7B70A001F3ADF /* Assets.xcassets */,
				15FD5B2728A7B70A001F3ADF /* MetalLearning.entitlements */,
				15FD5B9228ABF135001F3ADF /* Scenes */,
				15FD5B2428A7B70A001F3ADF /* Preview Content */,
				15FD5B2F28A7B76F001F3ADF /* SwiftUIViews */,
				15FD5B9E28AC2704001F3ADF /* Models */,
				157DD15E28AE548800E80721 /* Textures */,
				15FD5BB428ACF53E001F3ADF /* Camera.swift */,
				157DD15F28AE54B800E80721 /* Input */,
			);
			path = MetalLearning;
			sourceTree = "<group>";
		};
		15FD5B2428A7B70A001F3ADF /* Preview Content */ = {
			isa = PBXGroup;
			children = (
				15FD5B2528A7B70A001F3ADF /* Preview Assets.xcassets */,
			);
			path = "Preview Content";
			sourceTree = "<group>";
		};
		15FD5B2F28A7B76F001F3ADF /* SwiftUIViews */ = {
			isa = PBXGroup;
			children = (
				15FD5B3B28A8F218001F3ADF /* Fields */,
				15FD5B2028A7B70A001F3ADF /* ContentView.swift */,
				15FD5B2D28A7B767001F3ADF /* MetalView.swift */,
			);
			path = SwiftUIViews;
			sourceTree = "<group>";
		};
		15FD5B3028A7B7B3001F3ADF /* Graphics */ = {
			isa = PBXGroup;
			children = (
				15FD5B3328A7B864001F3ADF /* Shaders */,
				15FD5B3928A83235001F3ADF /* Renderer.swift */,
				15FD5B3128A7B7D1001F3ADF /* ViewRenderer.swift */,
			);
			path = Graphics;
			sourceTree = "<group>";
		};
		15FD5B3328A7B864001F3ADF /* Shaders */ = {
			isa = PBXGroup;
			children = (
				157DD16028AE61CB00E80721 /* Lighting.h */,
				15FD5B5928AAE07E001F3ADF /* Common.h */,
				157DD16128AE61E000E80721 /* Lighting.metal */,
				157DD15B28AE521E00E80721 /* Debug.metal */,
				15FD5B3428A7B881001F3ADF /* Shaders.metal */,
			);
			path = Shaders;
			sourceTree = "<group>";
		};
		15FD5B3B28A8F218001F3ADF /* Fields */ = {
			isa = PBXGroup;
			children = (
				15FD5B3D28A8F218001F3ADF /* Formatter.swift */,
				15FD5B4B28A92ACF001F3ADF /* NumberField.swift */,
				15D3E75D28D6F96B006EC224 /* Number1Field.swift */,
				15FD5B4F28A93698001F3ADF /* Number2Field.swift */,
				15FD5B5128A936B0001F3ADF /* Number3Field.swift */,
				15FD5B5328A936C0001F3ADF /* Number4Field.swift */,
				15FD5B5528A936D9001F3ADF /* Number3x3Field.swift */,
				15FD5B5728A936ED001F3ADF /* Number4x4Field.swift */,
			);
			path = Fields;
			sourceTree = "<group>";
		};
		15FD5B5B28AAE519001F3ADF /* Utility */ = {
			isa = PBXGroup;
			children = (
				15FD5B5C28AAE519001F3ADF /* MathLibrary.swift */,
			);
			path = Utility;
			sourceTree = "<group>";
		};
		15FD5B9228ABF135001F3ADF /* Scenes */ = {
			isa = PBXGroup;
			children = (
				15FD5B9728ABF3DA001F3ADF /* Demo1 */,
			);
			path = Scenes;
			sourceTree = "<group>";
		};
		15FD5B9728ABF3DA001F3ADF /* Demo1 */ = {
			isa = PBXGroup;
			children = (
				15FD5B6B28ABC502001F3ADF /* Demo1ViewRenderer.swift */,
				15FD5B9328ABF147001F3ADF /* Demo1View.swift */,
				157DD16328AE64E500E80721 /* SceneLighting.swift */,
			);
			path = Demo1;
			sourceTree = "<group>";
		};
		15FD5B9E28AC2704001F3ADF /* Models */ = {
			isa = PBXGroup;
			children = (
				157DD16528AE6D5700E80721 /* Sphere */,
				15FD5B9F28AC2704001F3ADF /* Textures */,
				15FD5BA228AC2704001F3ADF /* Ground */,
				15FD5BA628AC2704001F3ADF /* LowPolyHouse */,
			);
			path = Models;
			sourceTree = "<group>";
		};
		15FD5B9F28AC2704001F3ADF /* Textures */ = {
			isa = PBXGroup;
			children = (
				15FD5BA028AC2704001F3ADF /* barn-ground.png */,
				15FD5BA128AC2704001F3ADF /* lowpoly-barn-color.png */,
			);
			path = Textures;
			sourceTree = "<group>";
		};
		15FD5BA228AC2704001F3ADF /* Ground */ = {
			isa = PBXGroup;
			children = (
				15FD5BA328AC2704001F3ADF /* plane.obj */,
				15FD5BA428AC2704001F3ADF /* plane.mtl */,
				15FD5BA528AC2704001F3ADF /* ground.png */,
			);
			path = Ground;
			sourceTree = "<group>";
		};
		15FD5BA628AC2704001F3ADF /* LowPolyHouse */ = {
			isa = PBXGroup;
			children = (
				15FD5BA728AC2704001F3ADF /* lowpoly-house-color.png */,
				15FD5BA828AC2704001F3ADF /* lowpoly-house.obj */,
				15FD5BA928AC2704001F3ADF /* lowpoly-house.mtl */,
			);
			path = LowPolyHouse;
			sourceTree = "<group>";
		};
/* End PBXGroup section */

/* Begin PBXNativeTarget section */
		15FD5B1A28A7B70A001F3ADF /* MetalLearning */ = {
			isa = PBXNativeTarget;
			buildConfigurationList = 15FD5B2A28A7B70A001F3ADF /* Build configuration list for PBXNativeTarget "MetalLearning" */;
			buildPhases = (
				15FD5B1728A7B70A001F3ADF /* Sources */,
				15FD5B1828A7B70A001F3ADF /* Frameworks */,
				15FD5B1928A7B70A001F3ADF /* Resources */,
			);
			buildRules = (
			);
			dependencies = (
			);
			name = MetalLearning;
			packageProductDependencies = (
				15FD5B3728A7B9D7001F3ADF /* Inject */,
			);
			productName = MetalLearning;
			productReference = 15FD5B1B28A7B70A001F3ADF /* MetalLearning.app */;
			productType = "com.apple.product-type.application";
		};
/* End PBXNativeTarget section */

/* Begin PBXProject section */
		15FD5B1328A7B70A001F3ADF /* Project object */ = {
			isa = PBXProject;
			attributes = {
				BuildIndependentTargetsInParallel = 1;
				LastSwiftUpdateCheck = 1340;
				LastUpgradeCheck = 1340;
				TargetAttributes = {
					15FD5B1A28A7B70A001F3ADF = {
						CreatedOnToolsVersion = 13.4.1;
					};
				};
			};
			buildConfigurationList = 15FD5B1628A7B70A001F3ADF /* Build configuration list for PBXProject "MetalLearning" */;
			compatibilityVersion = "Xcode 13.0";
			developmentRegion = en;
			hasScannedForEncodings = 0;
			knownRegions = (
				en,
				Base,
			);
			mainGroup = 15FD5B1228A7B70A001F3ADF;
			packageReferences = (
				15FD5B3628A7B9D7001F3ADF /* XCRemoteSwiftPackageReference "Inject" */,
			);
			productRefGroup = 15FD5B1C28A7B70A001F3ADF /* Products */;
			projectDirPath = "";
			projectRoot = "";
			targets = (
				15FD5B1A28A7B70A001F3ADF /* MetalLearning */,
			);
		};
/* End PBXProject section */

/* Begin PBXResourcesBuildPhase section */
		15FD5B1928A7B70A001F3ADF /* Resources */ = {
			isa = PBXResourcesBuildPhase;
			buildActionMask = 2147483647;
			files = (
				15FD5B2628A7B70A001F3ADF /* Preview Assets.xcassets in Resources */,
				15FD5BB028AC2704001F3ADF /* lowpoly-house.obj in Resources */,
				157DD16928AE6D5700E80721 /* sphere.mtl in Resources */,
				15FD5BAA28AC2704001F3ADF /* barn-ground.png in Resources */,
				15FD5BAE28AC2704001F3ADF /* ground.png in Resources */,
				15FD5BAD28AC2704001F3ADF /* plane.mtl in Resources */,
				15FD5BAC28AC2704001F3ADF /* plane.obj in Resources */,
				15FD5BAF28AC2704001F3ADF /* lowpoly-house-color.png in Resources */,
				15FD5BB128AC2704001F3ADF /* lowpoly-house.mtl in Resources */,
				15FD5B2328A7B70A001F3ADF /* Assets.xcassets in Resources */,
				15FD5BB328AC28A1001F3ADF /* Textures.xcassets in Resources */,
				157DD16828AE6D5700E80721 /* sphere.obj in Resources */,
				15FD5BAB28AC2704001F3ADF /* lowpoly-barn-color.png in Resources */,
			);
			runOnlyForDeploymentPostprocessing = 0;
		};
/* End PBXResourcesBuildPhase section */

/* Begin PBXSourcesBuildPhase section */
		15FD5B1728A7B70A001F3ADF /* Sources */ = {
			isa = PBXSourcesBuildPhase;
			buildActionMask = 2147483647;
			files = (
				15FD5B3228A7B7D1001F3ADF /* ViewRenderer.swift in Sources */,
				15FD5B2E28A7B767001F3ADF /* MetalView.swift in Sources */,
				15FD5B5028A93698001F3ADF /* Number2Field.swift in Sources */,
				15FD5B2128A7B70A001F3ADF /* ContentView.swift in Sources */,
				15FD5B9928AC1EB1001F3ADF /* Submesh.swift in Sources */,
				15FD5B5428A936C0001F3ADF /* Number4Field.swift in Sources */,
				157DD16428AE64E500E80721 /* SceneLighting.swift in Sources */,
				15D3E75E28D6F96B006EC224 /* Number1Field.swift in Sources */,
				15FD5B3528A7B881001F3ADF /* Shaders.metal in Sources */,
				15FD5B6128AAE686001F3ADF /* Transform.swift in Sources */,
				15FD5BB528ACF53E001F3ADF /* Camera.swift in Sources */,
				157DD16228AE61E000E80721 /* Lighting.metal in Sources */,
				15FD5B3A28A83235001F3ADF /* Renderer.swift in Sources */,
				15FD5B4C28A92ACF001F3ADF /* NumberField.swift in Sources */,
				15FD5B6328AAE75B001F3ADF /* Model.swift in Sources */,
				15FD5B6C28ABC502001F3ADF /* Demo1ViewRenderer.swift in Sources */,
				157DD15C28AE521E00E80721 /* Debug.metal in Sources */,
				15FD5B5628A936D9001F3ADF /* Number3x3Field.swift in Sources */,
				15FD5B9B28AC2024001F3ADF /* TextureController.swift in Sources */,
				15FD5B4028A8F218001F3ADF /* Formatter.swift in Sources */,
				15FD5BB928ACFDBA001F3ADF /* Movement.swift in Sources */,
				15FD5B5828A936ED001F3ADF /* Number4x4Field.swift in Sources */,
				15FD5BB728ACFABB001F3ADF /* InputController.swift in Sources */,
				15FD5B5228A936B0001F3ADF /* Number3Field.swift in Sources */,
				15FD5B9428ABF147001F3ADF /* Demo1View.swift in Sources */,
				15FD5B1F28A7B70A001F3ADF /* MetalLearningApp.swift in Sources */,
				15FD5B9D28AC2074001F3ADF /* Mesh.swift in Sources */,
				15FD5B5F28AAE5EE001F3ADF /* VertexDescriptor.swift in Sources */,
				15FD5B5D28AAE519001F3ADF /* MathLibrary.swift in Sources */,
			);
			runOnlyForDeploymentPostprocessing = 0;
		};
/* End PBXSourcesBuildPhase section */

/* Begin XCBuildConfiguration section */
		15FD5B2828A7B70A001F3ADF /* Debug */ = {
			isa = XCBuildConfiguration;
			buildSettings = {
				ALWAYS_SEARCH_USER_PATHS = NO;
				CLANG_ANALYZER_NONNULL = YES;
				CLANG_ANALYZER_NUMBER_OBJECT_CONVERSION = YES_AGGRESSIVE;
				CLANG_CXX_LANGUAGE_STANDARD = "gnu++17";
				CLANG_ENABLE_MODULES = YES;
				CLANG_ENABLE_OBJC_ARC = YES;
				CLANG_ENABLE_OBJC_WEAK = YES;
				CLANG_WARN_BLOCK_CAPTURE_AUTORELEASING = YES;
				CLANG_WARN_BOOL_CONVERSION = YES;
				CLANG_WARN_COMMA = YES;
				CLANG_WARN_CONSTANT_CONVERSION = YES;
				CLANG_WARN_DEPRECATED_OBJC_IMPLEMENTATIONS = YES;
				CLANG_WARN_DIRECT_OBJC_ISA_USAGE = YES_ERROR;
				CLANG_WARN_DOCUMENTATION_COMMENTS = YES;
				CLANG_WARN_EMPTY_BODY = YES;
				CLANG_WARN_ENUM_CONVERSION = YES;
				CLANG_WARN_INFINITE_RECURSION = YES;
				CLANG_WARN_INT_CONVERSION = YES;
				CLANG_WARN_NON_LITERAL_NULL_CONVERSION = YES;
				CLANG_WARN_OBJC_IMPLICIT_RETAIN_SELF = YES;
				CLANG_WARN_OBJC_LITERAL_CONVERSION = YES;
				CLANG_WARN_OBJC_ROOT_CLASS = YES_ERROR;
				CLANG_WARN_QUOTED_INCLUDE_IN_FRAMEWORK_HEADER = YES;
				CLANG_WARN_RANGE_LOOP_ANALYSIS = YES;
				CLANG_WARN_STRICT_PROTOTYPES = YES;
				CLANG_WARN_SUSPICIOUS_MOVE = YES;
				CLANG_WARN_UNGUARDED_AVAILABILITY = YES_AGGRESSIVE;
				CLANG_WARN_UNREACHABLE_CODE = YES;
				CLANG_WARN__DUPLICATE_METHOD_MATCH = YES;
				COPY_PHASE_STRIP = NO;
				DEBUG_INFORMATION_FORMAT = dwarf;
				ENABLE_STRICT_OBJC_MSGSEND = YES;
				ENABLE_TESTABILITY = YES;
				GCC_C_LANGUAGE_STANDARD = gnu11;
				GCC_DYNAMIC_NO_PIC = NO;
				GCC_NO_COMMON_BLOCKS = YES;
				GCC_OPTIMIZATION_LEVEL = 0;
				GCC_PREPROCESSOR_DEFINITIONS = (
					"DEBUG=1",
					"$(inherited)",
				);
				GCC_WARN_64_TO_32_BIT_CONVERSION = YES;
				GCC_WARN_ABOUT_RETURN_TYPE = YES_ERROR;
				GCC_WARN_UNDECLARED_SELECTOR = YES;
				GCC_WARN_UNINITIALIZED_AUTOS = YES_AGGRESSIVE;
				GCC_WARN_UNUSED_FUNCTION = YES;
				GCC_WARN_UNUSED_VARIABLE = YES;
				MACOSX_DEPLOYMENT_TARGET = 12.3;
				MTL_ENABLE_DEBUG_INFO = INCLUDE_SOURCE;
				MTL_FAST_MATH = YES;
				ONLY_ACTIVE_ARCH = YES;
				OTHER_LDFLAGS = "";
				SDKROOT = macosx;
				SWIFT_ACTIVE_COMPILATION_CONDITIONS = DEBUG;
				SWIFT_OBJC_BRIDGING_HEADER = MetalLearning/Graphics/Shaders/Common.h;
				SWIFT_OPTIMIZATION_LEVEL = "-Onone";
			};
			name = Debug;
		};
		15FD5B2928A7B70A001F3ADF /* Release */ = {
			isa = XCBuildConfiguration;
			buildSettings = {
				ALWAYS_SEARCH_USER_PATHS = NO;
				CLANG_ANALYZER_NONNULL = YES;
				CLANG_ANALYZER_NUMBER_OBJECT_CONVERSION = YES_AGGRESSIVE;
				CLANG_CXX_LANGUAGE_STANDARD = "gnu++17";
				CLANG_ENABLE_MODULES = YES;
				CLANG_ENABLE_OBJC_ARC = YES;
				CLANG_ENABLE_OBJC_WEAK = YES;
				CLANG_WARN_BLOCK_CAPTURE_AUTORELEASING = YES;
				CLANG_WARN_BOOL_CONVERSION = YES;
				CLANG_WARN_COMMA = YES;
				CLANG_WARN_CONSTANT_CONVERSION = YES;
				CLANG_WARN_DEPRECATED_OBJC_IMPLEMENTATIONS = YES;
				CLANG_WARN_DIRECT_OBJC_ISA_USAGE = YES_ERROR;
				CLANG_WARN_DOCUMENTATION_COMMENTS = YES;
				CLANG_WARN_EMPTY_BODY = YES;
				CLANG_WARN_ENUM_CONVERSION = YES;
				CLANG_WARN_INFINITE_RECURSION = YES;
				CLANG_WARN_INT_CONVERSION = YES;
				CLANG_WARN_NON_LITERAL_NULL_CONVERSION = YES;
				CLANG_WARN_OBJC_IMPLICIT_RETAIN_SELF = YES;
				CLANG_WARN_OBJC_LITERAL_CONVERSION = YES;
				CLANG_WARN_OBJC_ROOT_CLASS = YES_ERROR;
				CLANG_WARN_QUOTED_INCLUDE_IN_FRAMEWORK_HEADER = YES;
				CLANG_WARN_RANGE_LOOP_ANALYSIS = YES;
				CLANG_WARN_STRICT_PROTOTYPES = YES;
				CLANG_WARN_SUSPICIOUS_MOVE = YES;
				CLANG_WARN_UNGUARDED_AVAILABILITY = YES_AGGRESSIVE;
				CLANG_WARN_UNREACHABLE_CODE = YES;
				CLANG_WARN__DUPLICATE_METHOD_MATCH = YES;
				COPY_PHASE_STRIP = NO;
				DEBUG_INFORMATION_FORMAT = "dwarf-with-dsym";
				ENABLE_NS_ASSERTIONS = NO;
				ENABLE_STRICT_OBJC_MSGSEND = YES;
				GCC_C_LANGUAGE_STANDARD = gnu11;
				GCC_NO_COMMON_BLOCKS = YES;
				GCC_WARN_64_TO_32_BIT_CONVERSION = YES;
				GCC_WARN_ABOUT_RETURN_TYPE = YES_ERROR;
				GCC_WARN_UNDECLARED_SELECTOR = YES;
				GCC_WARN_UNINITIALIZED_AUTOS = YES_AGGRESSIVE;
				GCC_WARN_UNUSED_FUNCTION = YES;
				GCC_WARN_UNUSED_VARIABLE = YES;
				MACOSX_DEPLOYMENT_TARGET = 12.3;
				MTL_ENABLE_DEBUG_INFO = NO;
				MTL_FAST_MATH = YES;
				SDKROOT = macosx;
				SWIFT_COMPILATION_MODE = wholemodule;
				SWIFT_OBJC_BRIDGING_HEADER = MetalLearning/Graphics/Shaders/Common.h;
				SWIFT_OPTIMIZATION_LEVEL = "-O";
			};
			name = Release;
		};
		15FD5B2B28A7B70A001F3ADF /* Debug */ = {
			isa = XCBuildConfiguration;
			buildSettings = {
				ASSETCATALOG_COMPILER_APPICON_NAME = AppIcon;
				ASSETCATALOG_COMPILER_GLOBAL_ACCENT_COLOR_NAME = AccentColor;
				CODE_SIGN_ENTITLEMENTS = MetalLearning/MetalLearning.entitlements;
				CODE_SIGN_IDENTITY = "Apple Development";
				CODE_SIGN_STYLE = Manual;
				COMBINE_HIDPI_IMAGES = YES;
				CURRENT_PROJECT_VERSION = 1;
				DEVELOPMENT_ASSET_PATHS = "\"MetalLearning/Preview Content\"";
				DEVELOPMENT_TEAM = 3KB6K4T6NP;
				ENABLE_HARDENED_RUNTIME = YES;
				ENABLE_PREVIEWS = YES;
				GENERATE_INFOPLIST_FILE = YES;
				INFOPLIST_KEY_NSHumanReadableCopyright = "";
				LD_RUNPATH_SEARCH_PATHS = (
					"$(inherited)",
					"@executable_path/../Frameworks",
				);
				MARKETING_VERSION = 1.0;
				OTHER_LDFLAGS = (
					"-Xlinker",
					"-interposable",
				);
				PRODUCT_BUNDLE_IDENTIFIER = com.company.MetalLearning;
				PRODUCT_NAME = "$(TARGET_NAME)";
				PROVISIONING_PROFILE_SPECIFIER = "";
				SWIFT_EMIT_LOC_STRINGS = YES;
				SWIFT_OBJC_BRIDGING_HEADER = MetalLearning/Graphics/Shaders/Common.h;
				SWIFT_VERSION = 5.0;
			};
			name = Debug;
		};
		15FD5B2C28A7B70A001F3ADF /* Release */ = {
			isa = XCBuildConfiguration;
			buildSettings = {
				ASSETCATALOG_COMPILER_APPICON_NAME = AppIcon;
				ASSETCATALOG_COMPILER_GLOBAL_ACCENT_COLOR_NAME = AccentColor;
				CODE_SIGN_ENTITLEMENTS = MetalLearning/MetalLearning.entitlements;
				CODE_SIGN_IDENTITY = "Apple Development";
				CODE_SIGN_STYLE = Manual;
				COMBINE_HIDPI_IMAGES = YES;
				CURRENT_PROJECT_VERSION = 1;
				DEVELOPMENT_ASSET_PATHS = "\"MetalLearning/Preview Content\"";
				DEVELOPMENT_TEAM = 3KB6K4T6NP;
				ENABLE_HARDENED_RUNTIME = YES;
				ENABLE_PREVIEWS = YES;
				GENERATE_INFOPLIST_FILE = YES;
				INFOPLIST_KEY_NSHumanReadableCopyright = "";
				LD_RUNPATH_SEARCH_PATHS = (
					"$(inherited)",
					"@executable_path/../Frameworks",
				);
				MARKETING_VERSION = 1.0;
				PRODUCT_BUNDLE_IDENTIFIER = com.company.MetalLearning;
				PRODUCT_NAME = "$(TARGET_NAME)";
				PROVISIONING_PROFILE_SPECIFIER = "";
				SWIFT_EMIT_LOC_STRINGS = YES;
				SWIFT_OBJC_BRIDGING_HEADER = MetalLearning/Graphics/Shaders/Common.h;
				SWIFT_VERSION = 5.0;
			};
			name = Release;
		};
/* End XCBuildConfiguration section */

/* Begin XCConfigurationList section */
		15FD5B1628A7B70A001F3ADF /* Build configuration list for PBXProject "MetalLearning" */ = {
			isa = XCConfigurationList;
			buildConfigurations = (
				15FD5B2828A7B70A001F3ADF /* Debug */,
				15FD5B2928A7B70A001F3ADF /* Release */,
			);
			defaultConfigurationIsVisible = 0;
			defaultConfigurationName = Release;
		};
		15FD5B2A28A7B70A001F3ADF /* Build configuration list for PBXNativeTarget "MetalLearning" */ = {
			isa = XCConfigurationList;
			buildConfigurations = (
				15FD5B2B28A7B70A001F3ADF /* Debug */,
				15FD5B2C28A7B70A001F3ADF /* Release */,
			);
			defaultConfigurationIsVisible = 0;
			defaultConfigurationName = Release;
		};
/* End XCConfigurationList section */

/* Begin XCRemoteSwiftPackageReference section */
		15FD5B3628A7B9D7001F3ADF /* XCRemoteSwiftPackageReference "Inject" */ = {
			isa = XCRemoteSwiftPackageReference;
			repositoryURL = "https://github.com/krzysztofzablocki/Inject";
			requirement = {
				kind = upToNextMajorVersion;
				minimumVersion = 1.0.0;
			};
		};
/* End XCRemoteSwiftPackageReference section */

/* Begin XCSwiftPackageProductDependency section */
		15FD5B3728A7B9D7001F3ADF /* Inject */ = {
			isa = XCSwiftPackageProductDependency;
			package = 15FD5B3628A7B9D7001F3ADF /* XCRemoteSwiftPackageReference "Inject" */;
			productName = Inject;
		};
/* End XCSwiftPackageProductDependency section */
	};
	rootObject = 15FD5B1328A7B70A001F3ADF /* Project object */;
}
