// !$*UTF8*$!
{
	archiveVersion = 1;
	classes = {
	};
	objectVersion = 55;
	objects = {

/* Begin PBXBuildFile section */
		15FD5B1F28A7B70A001F3ADF /* MetalLearningApp.swift in Sources */ = {isa = PBXBuildFile; fileRef = 15FD5B1E28A7B70A001F3ADF /* MetalLearningApp.swift */; };
		15FD5B2128A7B70A001F3ADF /* ContentView.swift in Sources */ = {isa = PBXBuildFile; fileRef = 15FD5B2028A7B70A001F3ADF /* ContentView.swift */; };
		15FD5B2328A7B70A001F3ADF /* Assets.xcassets in Resources */ = {isa = PBXBuildFile; fileRef = 15FD5B2228A7B70A001F3ADF /* Assets.xcassets */; };
		15FD5B2628A7B70A001F3ADF /* Preview Assets.xcassets in Resources */ = {isa = PBXBuildFile; fileRef = 15FD5B2528A7B70A001F3ADF /* Preview Assets.xcassets */; };
		15FD5B2E28A7B767001F3ADF /* MetalView.swift in Sources */ = {isa = PBXBuildFile; fileRef = 15FD5B2D28A7B767001F3ADF /* MetalView.swift */; };
		15FD5B3228A7B7D1001F3ADF /* ViewRenderer.swift in Sources */ = {isa = PBXBuildFile; fileRef = 15FD5B3128A7B7D1001F3ADF /* ViewRenderer.swift */; };
		15FD5B3528A7B881001F3ADF /* Default.metal in Sources */ = {isa = PBXBuildFile; fileRef = 15FD5B3428A7B881001F3ADF /* Default.metal */; };
		15FD5B3828A7B9D7001F3ADF /* Inject in Frameworks */ = {isa = PBXBuildFile; productRef = 15FD5B3728A7B9D7001F3ADF /* Inject */; };
		15FD5B3A28A83235001F3ADF /* Renderer.swift in Sources */ = {isa = PBXBuildFile; fileRef = 15FD5B3928A83235001F3ADF /* Renderer.swift */; };
/* End PBXBuildFile section */

/* Begin PBXFileReference section */
		15FD5B1B28A7B70A001F3ADF /* MetalLearning.app */ = {isa = PBXFileReference; explicitFileType = wrapper.application; includeInIndex = 0; path = MetalLearning.app; sourceTree = BUILT_PRODUCTS_DIR; };
		15FD5B1E28A7B70A001F3ADF /* MetalLearningApp.swift */ = {isa = PBXFileReference; lastKnownFileType = sourcecode.swift; path = MetalLearningApp.swift; sourceTree = "<group>"; };
		15FD5B2028A7B70A001F3ADF /* ContentView.swift */ = {isa = PBXFileReference; lastKnownFileType = sourcecode.swift; path = ContentView.swift; sourceTree = "<group>"; };
		15FD5B2228A7B70A001F3ADF /* Assets.xcassets */ = {isa = PBXFileReference; lastKnownFileType = folder.assetcatalog; path = Assets.xcassets; sourceTree = "<group>"; };
		15FD5B2528A7B70A001F3ADF /* Preview Assets.xcassets */ = {isa = PBXFileReference; lastKnownFileType = folder.assetcatalog; path = "Preview Assets.xcassets"; sourceTree = "<group>"; };
		15FD5B2728A7B70A001F3ADF /* MetalLearning.entitlements */ = {isa = PBXFileReference; lastKnownFileType = text.plist.entitlements; path = MetalLearning.entitlements; sourceTree = "<group>"; };
		15FD5B2D28A7B767001F3ADF /* MetalView.swift */ = {isa = PBXFileReference; lastKnownFileType = sourcecode.swift; path = MetalView.swift; sourceTree = "<group>"; };
		15FD5B3128A7B7D1001F3ADF /* ViewRenderer.swift */ = {isa = PBXFileReference; lastKnownFileType = sourcecode.swift; path = ViewRenderer.swift; sourceTree = "<group>"; };
		15FD5B3428A7B881001F3ADF /* Default.metal */ = {isa = PBXFileReference; lastKnownFileType = sourcecode.metal; path = Default.metal; sourceTree = "<group>"; };
		15FD5B3928A83235001F3ADF /* Renderer.swift */ = {isa = PBXFileReference; lastKnownFileType = sourcecode.swift; path = Renderer.swift; sourceTree = "<group>"; };
/* End PBXFileReference section */

/* Begin PBXFrameworksBuildPhase section */
		15FD5B1828A7B70A001F3ADF /* Frameworks */ = {
			isa = PBXFrameworksBuildPhase;
			buildActionMask = 2147483647;
			files = (
				15FD5B3828A7B9D7001F3ADF /* Inject in Frameworks */,
			);
			runOnlyForDeploymentPostprocessing = 0;
		};
/* End PBXFrameworksBuildPhase section */

/* Begin PBXGroup section */
		15FD5B1228A7B70A001F3ADF = {
			isa = PBXGroup;
			children = (
				15FD5B1D28A7B70A001F3ADF /* MetalLearning */,
				15FD5B1C28A7B70A001F3ADF /* Products */,
			);
			sourceTree = "<group>";
		};
		15FD5B1C28A7B70A001F3ADF /* Products */ = {
			isa = PBXGroup;
			children = (
				15FD5B1B28A7B70A001F3ADF /* MetalLearning.app */,
			);
			name = Products;
			sourceTree = "<group>";
		};
		15FD5B1D28A7B70A001F3ADF /* MetalLearning */ = {
			isa = PBXGroup;
			children = (
				15FD5B3028A7B7B3001F3ADF /* Graphics */,
				15FD5B1E28A7B70A001F3ADF /* MetalLearningApp.swift */,
				15FD5B2028A7B70A001F3ADF /* ContentView.swift */,
				15FD5B2228A7B70A001F3ADF /* Assets.xcassets */,
				15FD5B2728A7B70A001F3ADF /* MetalLearning.entitlements */,
				15FD5B2428A7B70A001F3ADF /* Preview Content */,
				15FD5B2F28A7B76F001F3ADF /* Views */,
			);
			path = MetalLearning;
			sourceTree = "<group>";
		};
		15FD5B2428A7B70A001F3ADF /* Preview Content */ = {
			isa = PBXGroup;
			children = (
				15FD5B2528A7B70A001F3ADF /* Preview Assets.xcassets */,
			);
			path = "Preview Content";
			sourceTree = "<group>";
		};
		15FD5B2F28A7B76F001F3ADF /* Views */ = {
			isa = PBXGroup;
			children = (
				15FD5B2D28A7B767001F3ADF /* MetalView.swift */,
			);
			path = Views;
			sourceTree = "<group>";
		};
		15FD5B3028A7B7B3001F3ADF /* Graphics */ = {
			isa = PBXGroup;
			children = (
				15FD5B3328A7B864001F3ADF /* Shaders */,
				15FD5B3128A7B7D1001F3ADF /* ViewRenderer.swift */,
				15FD5B3928A83235001F3ADF /* Renderer.swift */,
			);
			path = Graphics;
			sourceTree = "<group>";
		};
		15FD5B3328A7B864001F3ADF /* Shaders */ = {
			isa = PBXGroup;
			children = (
				15FD5B3428A7B881001F3ADF /* Default.metal */,
			);
			path = Shaders;
			sourceTree = "<group>";
		};
/* End PBXGroup section */

/* Begin PBXNativeTarget section */
		15FD5B1A28A7B70A001F3ADF /* MetalLearning */ = {
			isa = PBXNativeTarget;
			buildConfigurationList = 15FD5B2A28A7B70A001F3ADF /* Build configuration list for PBXNativeTarget "MetalLearning" */;
			buildPhases = (
				15FD5B1728A7B70A001F3ADF /* Sources */,
				15FD5B1828A7B70A001F3ADF /* Frameworks */,
				15FD5B1928A7B70A001F3ADF /* Resources */,
			);
			buildRules = (
			);
			dependencies = (
			);
			name = MetalLearning;
			packageProductDependencies = (
				15FD5B3728A7B9D7001F3ADF /* Inject */,
			);
			productName = MetalLearning;
			productReference = 15FD5B1B28A7B70A001F3ADF /* MetalLearning.app */;
			productType = "com.apple.product-type.application";
		};
/* End PBXNativeTarget section */

/* Begin PBXProject section */
		15FD5B1328A7B70A001F3ADF /* Project object */ = {
			isa = PBXProject;
			attributes = {
				BuildIndependentTargetsInParallel = 1;
				LastSwiftUpdateCheck = 1340;
				LastUpgradeCheck = 1340;
				TargetAttributes = {
					15FD5B1A28A7B70A001F3ADF = {
						CreatedOnToolsVersion = 13.4.1;
					};
				};
			};
			buildConfigurationList = 15FD5B1628A7B70A001F3ADF /* Build configuration list for PBXProject "MetalLearning" */;
			compatibilityVersion = "Xcode 13.0";
			developmentRegion = en;
			hasScannedForEncodings = 0;
			knownRegions = (
				en,
				Base,
			);
			mainGroup = 15FD5B1228A7B70A001F3ADF;
			packageReferences = (
				15FD5B3628A7B9D7001F3ADF /* XCRemoteSwiftPackageReference "Inject" */,
			);
			productRefGroup = 15FD5B1C28A7B70A001F3ADF /* Products */;
			projectDirPath = "";
			projectRoot = "";
			targets = (
				15FD5B1A28A7B70A001F3ADF /* MetalLearning */,
			);
		};
/* End PBXProject section */

/* Begin PBXResourcesBuildPhase section */
		15FD5B1928A7B70A001F3ADF /* Resources */ = {
			isa = PBXResourcesBuildPhase;
			buildActionMask = 2147483647;
			files = (
				15FD5B2628A7B70A001F3ADF /* Preview Assets.xcassets in Resources */,
				15FD5B2328A7B70A001F3ADF /* Assets.xcassets in Resources */,
			);
			runOnlyForDeploymentPostprocessing = 0;
		};
/* End PBXResourcesBuildPhase section */

/* Begin PBXSourcesBuildPhase section */
		15FD5B1728A7B70A001F3ADF /* Sources */ = {
			isa = PBXSourcesBuildPhase;
			buildActionMask = 2147483647;
			files = (
				15FD5B3228A7B7D1001F3ADF /* ViewRenderer.swift in Sources */,
				15FD5B2E28A7B767001F3ADF /* MetalView.swift in Sources */,
				15FD5B2128A7B70A001F3ADF /* ContentView.swift in Sources */,
				15FD5B3528A7B881001F3ADF /* Default.metal in Sources */,
				15FD5B3A28A83235001F3ADF /* Renderer.swift in Sources */,
				15FD5B1F28A7B70A001F3ADF /* MetalLearningApp.swift in Sources */,
			);
			runOnlyForDeploymentPostprocessing = 0;
		};
/* End PBXSourcesBuildPhase section */

/* Begin XCBuildConfiguration section */
		15FD5B2828A7B70A001F3ADF /* Debug */ = {
			isa = XCBuildConfiguration;
			buildSettings = {
				ALWAYS_SEARCH_USER_PATHS = NO;
				CLANG_ANALYZER_NONNULL = YES;
				CLANG_ANALYZER_NUMBER_OBJECT_CONVERSION = YES_AGGRESSIVE;
				CLANG_CXX_LANGUAGE_STANDARD = "gnu++17";
				CLANG_ENABLE_MODULES = YES;
				CLANG_ENABLE_OBJC_ARC = YES;
				CLANG_ENABLE_OBJC_WEAK = YES;
				CLANG_WARN_BLOCK_CAPTURE_AUTORELEASING = YES;
				CLANG_WARN_BOOL_CONVERSION = YES;
				CLANG_WARN_COMMA = YES;
				CLANG_WARN_CONSTANT_CONVERSION = YES;
				CLANG_WARN_DEPRECATED_OBJC_IMPLEMENTATIONS = YES;
				CLANG_WARN_DIRECT_OBJC_ISA_USAGE = YES_ERROR;
				CLANG_WARN_DOCUMENTATION_COMMENTS = YES;
				CLANG_WARN_EMPTY_BODY = YES;
				CLANG_WARN_ENUM_CONVERSION = YES;
				CLANG_WARN_INFINITE_RECURSION = YES;
				CLANG_WARN_INT_CONVERSION = YES;
				CLANG_WARN_NON_LITERAL_NULL_CONVERSION = YES;
				CLANG_WARN_OBJC_IMPLICIT_RETAIN_SELF = YES;
				CLANG_WARN_OBJC_LITERAL_CONVERSION = YES;
				CLANG_WARN_OBJC_ROOT_CLASS = YES_ERROR;
				CLANG_WARN_QUOTED_INCLUDE_IN_FRAMEWORK_HEADER = YES;
				CLANG_WARN_RANGE_LOOP_ANALYSIS = YES;
				CLANG_WARN_STRICT_PROTOTYPES = YES;
				CLANG_WARN_SUSPICIOUS_MOVE = YES;
				CLANG_WARN_UNGUARDED_AVAILABILITY = YES_AGGRESSIVE;
				CLANG_WARN_UNREACHABLE_CODE = YES;
				CLANG_WARN__DUPLICATE_METHOD_MATCH = YES;
				COPY_PHASE_STRIP = NO;
				DEBUG_INFORMATION_FORMAT = dwarf;
				ENABLE_STRICT_OBJC_MSGSEND = YES;
				ENABLE_TESTABILITY = YES;
				GCC_C_LANGUAGE_STANDARD = gnu11;
				GCC_DYNAMIC_NO_PIC = NO;
				GCC_NO_COMMON_BLOCKS = YES;
				GCC_OPTIMIZATION_LEVEL = 0;
				GCC_PREPROCESSOR_DEFINITIONS = (
					"DEBUG=1",
					"$(inherited)",
				);
				GCC_WARN_64_TO_32_BIT_CONVERSION = YES;
				GCC_WARN_ABOUT_RETURN_TYPE = YES_ERROR;
				GCC_WARN_UNDECLARED_SELECTOR = YES;
				GCC_WARN_UNINITIALIZED_AUTOS = YES_AGGRESSIVE;
				GCC_WARN_UNUSED_FUNCTION = YES;
				GCC_WARN_UNUSED_VARIABLE = YES;
				MACOSX_DEPLOYMENT_TARGET = 12.3;
				MTL_ENABLE_DEBUG_INFO = INCLUDE_SOURCE;
				MTL_FAST_MATH = YES;
				ONLY_ACTIVE_ARCH = YES;
				OTHER_LDFLAGS = "";
				SDKROOT = macosx;
				SWIFT_ACTIVE_COMPILATION_CONDITIONS = DEBUG;
				SWIFT_OPTIMIZATION_LEVEL = "-Onone";
			};
			name = Debug;
		};
		15FD5B2928A7B70A001F3ADF /* Release */ = {
			isa = XCBuildConfiguration;
			buildSettings = {
				ALWAYS_SEARCH_USER_PATHS = NO;
				CLANG_ANALYZER_NONNULL = YES;
				CLANG_ANALYZER_NUMBER_OBJECT_CONVERSION = YES_AGGRESSIVE;
				CLANG_CXX_LANGUAGE_STANDARD = "gnu++17";
				CLANG_ENABLE_MODULES = YES;
				CLANG_ENABLE_OBJC_ARC = YES;
				CLANG_ENABLE_OBJC_WEAK = YES;
				CLANG_WARN_BLOCK_CAPTURE_AUTORELEASING = YES;
				CLANG_WARN_BOOL_CONVERSION = YES;
				CLANG_WARN_COMMA = YES;
				CLANG_WARN_CONSTANT_CONVERSION = YES;
				CLANG_WARN_DEPRECATED_OBJC_IMPLEMENTATIONS = YES;
				CLANG_WARN_DIRECT_OBJC_ISA_USAGE = YES_ERROR;
				CLANG_WARN_DOCUMENTATION_COMMENTS = YES;
				CLANG_WARN_EMPTY_BODY = YES;
				CLANG_WARN_ENUM_CONVERSION = YES;
				CLANG_WARN_INFINITE_RECURSION = YES;
				CLANG_WARN_INT_CONVERSION = YES;
				CLANG_WARN_NON_LITERAL_NULL_CONVERSION = YES;
				CLANG_WARN_OBJC_IMPLICIT_RETAIN_SELF = YES;
				CLANG_WARN_OBJC_LITERAL_CONVERSION = YES;
				CLANG_WARN_OBJC_ROOT_CLASS = YES_ERROR;
				CLANG_WARN_QUOTED_INCLUDE_IN_FRAMEWORK_HEADER = YES;
				CLANG_WARN_RANGE_LOOP_ANALYSIS = YES;
				CLANG_WARN_STRICT_PROTOTYPES = YES;
				CLANG_WARN_SUSPICIOUS_MOVE = YES;
				CLANG_WARN_UNGUARDED_AVAILABILITY = YES_AGGRESSIVE;
				CLANG_WARN_UNREACHABLE_CODE = YES;
				CLANG_WARN__DUPLICATE_METHOD_MATCH = YES;
				COPY_PHASE_STRIP = NO;
				DEBUG_INFORMATION_FORMAT = "dwarf-with-dsym";
				ENABLE_NS_ASSERTIONS = NO;
				ENABLE_STRICT_OBJC_MSGSEND = YES;
				GCC_C_LANGUAGE_STANDARD = gnu11;
				GCC_NO_COMMON_BLOCKS = YES;
				GCC_WARN_64_TO_32_BIT_CONVERSION = YES;
				GCC_WARN_ABOUT_RETURN_TYPE = YES_ERROR;
				GCC_WARN_UNDECLARED_SELECTOR = YES;
				GCC_WARN_UNINITIALIZED_AUTOS = YES_AGGRESSIVE;
				GCC_WARN_UNUSED_FUNCTION = YES;
				GCC_WARN_UNUSED_VARIABLE = YES;
				MACOSX_DEPLOYMENT_TARGET = 12.3;
				MTL_ENABLE_DEBUG_INFO = NO;
				MTL_FAST_MATH = YES;
				SDKROOT = macosx;
				SWIFT_COMPILATION_MODE = wholemodule;
				SWIFT_OPTIMIZATION_LEVEL = "-O";
			};
			name = Release;
		};
		15FD5B2B28A7B70A001F3ADF /* Debug */ = {
			isa = XCBuildConfiguration;
			buildSettings = {
				ASSETCATALOG_COMPILER_APPICON_NAME = AppIcon;
				ASSETCATALOG_COMPILER_GLOBAL_ACCENT_COLOR_NAME = AccentColor;
				CODE_SIGN_ENTITLEMENTS = MetalLearning/MetalLearning.entitlements;
				CODE_SIGN_IDENTITY = "Apple Development";
				CODE_SIGN_STYLE = Manual;
				COMBINE_HIDPI_IMAGES = YES;
				CURRENT_PROJECT_VERSION = 1;
				DEVELOPMENT_ASSET_PATHS = "\"MetalLearning/Preview Content\"";
				DEVELOPMENT_TEAM = 3KB6K4T6NP;
				ENABLE_HARDENED_RUNTIME = YES;
				ENABLE_PREVIEWS = YES;
				GENERATE_INFOPLIST_FILE = YES;
				INFOPLIST_KEY_NSHumanReadableCopyright = "";
				LD_RUNPATH_SEARCH_PATHS = (
					"$(inherited)",
					"@executable_path/../Frameworks",
				);
				MARKETING_VERSION = 1.0;
				OTHER_LDFLAGS = (
					"-Xlinker",
					"-interposable",
				);
				PRODUCT_BUNDLE_IDENTIFIER = com.company.MetalLearning;
				PRODUCT_NAME = "$(TARGET_NAME)";
				PROVISIONING_PROFILE_SPECIFIER = "";
				SWIFT_EMIT_LOC_STRINGS = YES;
				SWIFT_VERSION = 5.0;
			};
			name = Debug;
		};
		15FD5B2C28A7B70A001F3ADF /* Release */ = {
			isa = XCBuildConfiguration;
			buildSettings = {
				ASSETCATALOG_COMPILER_APPICON_NAME = AppIcon;
				ASSETCATALOG_COMPILER_GLOBAL_ACCENT_COLOR_NAME = AccentColor;
				CODE_SIGN_ENTITLEMENTS = MetalLearning/MetalLearning.entitlements;
				CODE_SIGN_IDENTITY = "Apple Development";
				CODE_SIGN_STYLE = Manual;
				COMBINE_HIDPI_IMAGES = YES;
				CURRENT_PROJECT_VERSION = 1;
				DEVELOPMENT_ASSET_PATHS = "\"MetalLearning/Preview Content\"";
				DEVELOPMENT_TEAM = 3KB6K4T6NP;
				ENABLE_HARDENED_RUNTIME = YES;
				ENABLE_PREVIEWS = YES;
				GENERATE_INFOPLIST_FILE = YES;
				INFOPLIST_KEY_NSHumanReadableCopyright = "";
				LD_RUNPATH_SEARCH_PATHS = (
					"$(inherited)",
					"@executable_path/../Frameworks",
				);
				MARKETING_VERSION = 1.0;
				PRODUCT_BUNDLE_IDENTIFIER = com.company.MetalLearning;
				PRODUCT_NAME = "$(TARGET_NAME)";
				PROVISIONING_PROFILE_SPECIFIER = "";
				SWIFT_EMIT_LOC_STRINGS = YES;
				SWIFT_VERSION = 5.0;
			};
			name = Release;
		};
/* End XCBuildConfiguration section */

/* Begin XCConfigurationList section */
		15FD5B1628A7B70A001F3ADF /* Build configuration list for PBXProject "MetalLearning" */ = {
			isa = XCConfigurationList;
			buildConfigurations = (
				15FD5B2828A7B70A001F3ADF /* Debug */,
				15FD5B2928A7B70A001F3ADF /* Release */,
			);
			defaultConfigurationIsVisible = 0;
			defaultConfigurationName = Release;
		};
		15FD5B2A28A7B70A001F3ADF /* Build configuration list for PBXNativeTarget "MetalLearning" */ = {
			isa = XCConfigurationList;
			buildConfigurations = (
				15FD5B2B28A7B70A001F3ADF /* Debug */,
				15FD5B2C28A7B70A001F3ADF /* Release */,
			);
			defaultConfigurationIsVisible = 0;
			defaultConfigurationName = Release;
		};
/* End XCConfigurationList section */

/* Begin XCRemoteSwiftPackageReference section */
		15FD5B3628A7B9D7001F3ADF /* XCRemoteSwiftPackageReference "Inject" */ = {
			isa = XCRemoteSwiftPackageReference;
			repositoryURL = "https://github.com/krzysztofzablocki/Inject";
			requirement = {
				kind = upToNextMajorVersion;
				minimumVersion = 1.0.0;
			};
		};
/* End XCRemoteSwiftPackageReference section */

/* Begin XCSwiftPackageProductDependency section */
		15FD5B3728A7B9D7001F3ADF /* Inject */ = {
			isa = XCSwiftPackageProductDependency;
			package = 15FD5B3628A7B9D7001F3ADF /* XCRemoteSwiftPackageReference "Inject" */;
			productName = Inject;
		};
/* End XCSwiftPackageProductDependency section */
	};
	rootObject = 15FD5B1328A7B70A001F3ADF /* Project object */;
}
